
Microsoft Visual Studio Solution File, Format Version 12.00
# Visual Studio Version 17
VisualStudioVersion = 17.0.31903.59
MinimumVisualStudioVersion = 10.0.40219.1
Project("{2150E333-8FDC-42A3-9474-1A3956D46DE8}") = "Shoporia.Client", "Shoporia.Client", "{02EA681E-C7D8-13C7-8484-4AC65E1B71E8}"
EndProject
Project("{2150E333-8FDC-42A3-9474-1A3956D46DE8}") = "Shoporia.Server", "Shoporia.Server", "{E5A48669-20AE-40C2-9662-ABDABF587E13}"
EndProject
Project("{2150E333-8FDC-42A3-9474-1A3956D46DE8}") = "src", "src", "{9F97C96D-7653-414B-A496-E69FCFE2D376}"
EndProject
Project("{2150E333-8FDC-42A3-9474-1A3956D46DE8}") = "tests", "tests", "{722F0286-7101-47F4-957C-2E9605D28D8A}"
EndProject
Project("{2150E333-8FDC-42A3-9474-1A3956D46DE8}") = "Shared", "Shared", "{C64B03C9-48B8-49F0-9166-61E0F4C652AB}"
EndProject
Project("{2150E333-8FDC-42A3-9474-1A3956D46DE8}") = "Modules", "Modules", "{0A624CC1-6563-4FDF-B444-2E733DC430D2}"
EndProject
Project("{2150E333-8FDC-42A3-9474-1A3956D46DE8}") = "Catalog", "Catalog", "{2AE51B4A-AE94-499B-B826-83A91EC48B4C}"
EndProject
Project("{FAE04EC0-301F-11D3-BF4B-00C04F79EFBC}") = "Catalog", "Shoporia.Server\src\Modules\Catalog\Catalog\Catalog.csproj", "{575979EF-33D6-A49B-71F2-85B5E89120D2}"
EndProject
Project("{2150E333-8FDC-42A3-9474-1A3956D46DE8}") = "Basket", "Basket", "{AFBE1DA6-70BC-4ED6-A245-C42CDFA57B60}"
EndProject
Project("{FAE04EC0-301F-11D3-BF4B-00C04F79EFBC}") = "Basket", "Shoporia.Server\src\Modules\Basket\Basket\Basket.csproj", "{068A75FE-4A5F-F462-324B-2E349CE36D04}"
EndProject
Project("{2150E333-8FDC-42A3-9474-1A3956D46DE8}") = "Ordering", "Ordering", "{9C1AA128-95CC-439F-BBAC-2A2397B7A1A7}"
EndProject
Project("{FAE04EC0-301F-11D3-BF4B-00C04F79EFBC}") = "Ordering", "Shoporia.Server\src\Modules\Ordering\Ordering\Ordering.csproj", "{3DED4A7B-41B7-8ABD-E5BF-176853F79A60}"
EndProject
Project("{2150E333-8FDC-42A3-9474-1A3956D46DE8}") = "Bootstrapper", "Bootstrapper", "{FE05B834-4755-44D3-9772-A1FF1B9A6B2F}"
EndProject
Project("{E53339B2-1760-4266-BCC7-CA923CBCF16C}") = "docker-compose", "Shoporia.Server\docker-compose.dcproj", "{81DDED9D-158B-E303-5F62-77A2896D2A5A}"
EndProject
Project("{FAE04EC0-301F-11D3-BF4B-00C04F79EFBC}") = "Web.Api", "Shoporia.Server\src\Bootstrapper\Web.Api\Web.Api.csproj", "{49A553D2-A46E-EEEF-A397-2AF48F963BD9}"
EndProject
Project("{FAE04EC0-301F-11D3-BF4B-00C04F79EFBC}") = "SharedKernel", "Shoporia.Server\src\Shared\SharedKernel\SharedKernel.csproj", "{A5BA7056-1AD4-2BFB-1DF0-C4B27110C1C8}"
EndProject
Global
	GlobalSection(SolutionConfigurationPlatforms) = preSolution
		Debug|Any CPU = Debug|Any CPU
		Release|Any CPU = Release|Any CPU
	EndGlobalSection
	GlobalSection(ProjectConfigurationPlatforms) = postSolution
		{575979EF-33D6-A49B-71F2-85B5E89120D2}.Debug|Any CPU.ActiveCfg = Debug|Any CPU
		{575979EF-33D6-A49B-71F2-85B5E89120D2}.Debug|Any CPU.Build.0 = Debug|Any CPU
		{575979EF-33D6-A49B-71F2-85B5E89120D2}.Release|Any CPU.ActiveCfg = Release|Any CPU
		{575979EF-33D6-A49B-71F2-85B5E89120D2}.Release|Any CPU.Build.0 = Release|Any CPU
		{068A75FE-4A5F-F462-324B-2E349CE36D04}.Debug|Any CPU.ActiveCfg = Debug|Any CPU
		{068A75FE-4A5F-F462-324B-2E349CE36D04}.Debug|Any CPU.Build.0 = Debug|Any CPU
		{068A75FE-4A5F-F462-324B-2E349CE36D04}.Release|Any CPU.ActiveCfg = Release|Any CPU
		{068A75FE-4A5F-F462-324B-2E349CE36D04}.Release|Any CPU.Build.0 = Release|Any CPU
		{3DED4A7B-41B7-8ABD-E5BF-176853F79A60}.Debug|Any CPU.ActiveCfg = Debug|Any CPU
		{3DED4A7B-41B7-8ABD-E5BF-176853F79A60}.Debug|Any CPU.Build.0 = Debug|Any CPU
		{3DED4A7B-41B7-8ABD-E5BF-176853F79A60}.Release|Any CPU.ActiveCfg = Release|Any CPU
		{3DED4A7B-41B7-8ABD-E5BF-176853F79A60}.Release|Any CPU.Build.0 = Release|Any CPU
		{81DDED9D-158B-E303-5F62-77A2896D2A5A}.Debug|Any CPU.ActiveCfg = Debug|Any CPU
		{81DDED9D-158B-E303-5F62-77A2896D2A5A}.Debug|Any CPU.Build.0 = Debug|Any CPU
		{81DDED9D-158B-E303-5F62-77A2896D2A5A}.Release|Any CPU.ActiveCfg = Release|Any CPU
		{81DDED9D-158B-E303-5F62-77A2896D2A5A}.Release|Any CPU.Build.0 = Release|Any CPU
		{49A553D2-A46E-EEEF-A397-2AF48F963BD9}.Debug|Any CPU.ActiveCfg = Debug|Any CPU
		{49A553D2-A46E-EEEF-A397-2AF48F963BD9}.Debug|Any CPU.Build.0 = Debug|Any CPU
		{49A553D2-A46E-EEEF-A397-2AF48F963BD9}.Release|Any CPU.ActiveCfg = Release|Any CPU
		{49A553D2-A46E-EEEF-A397-2AF48F963BD9}.Release|Any CPU.Build.0 = Release|Any CPU
		{A5BA7056-1AD4-2BFB-1DF0-C4B27110C1C8}.Debug|Any CPU.ActiveCfg = Debug|Any CPU
		{A5BA7056-1AD4-2BFB-1DF0-C4B27110C1C8}.Debug|Any CPU.Build.0 = Debug|Any CPU
		{A5BA7056-1AD4-2BFB-1DF0-C4B27110C1C8}.Release|Any CPU.ActiveCfg = Release|Any CPU
		{A5BA7056-1AD4-2BFB-1DF0-C4B27110C1C8}.Release|Any CPU.Build.0 = Release|Any CPU
	EndGlobalSection
	GlobalSection(SolutionProperties) = preSolution
		HideSolutionNode = FALSE
	EndGlobalSection
	GlobalSection(NestedProjects) = preSolution
		{9F97C96D-7653-414B-A496-E69FCFE2D376} = {E5A48669-20AE-40C2-9662-ABDABF587E13}
		{722F0286-7101-47F4-957C-2E9605D28D8A} = {E5A48669-20AE-40C2-9662-ABDABF587E13}
		{C64B03C9-48B8-49F0-9166-61E0F4C652AB} = {9F97C96D-7653-414B-A496-E69FCFE2D376}
		{0A624CC1-6563-4FDF-B444-2E733DC430D2} = {9F97C96D-7653-414B-A496-E69FCFE2D376}
		{2AE51B4A-AE94-499B-B826-83A91EC48B4C} = {0A624CC1-6563-4FDF-B444-2E733DC430D2}
		{575979EF-33D6-A49B-71F2-85B5E89120D2} = {2AE51B4A-AE94-499B-B826-83A91EC48B4C}
		{AFBE1DA6-70BC-4ED6-A245-C42CDFA57B60} = {0A624CC1-6563-4FDF-B444-2E733DC430D2}
		{068A75FE-4A5F-F462-324B-2E349CE36D04} = {AFBE1DA6-70BC-4ED6-A245-C42CDFA57B60}
		{9C1AA128-95CC-439F-BBAC-2A2397B7A1A7} = {0A624CC1-6563-4FDF-B444-2E733DC430D2}
		{3DED4A7B-41B7-8ABD-E5BF-176853F79A60} = {9C1AA128-95CC-439F-BBAC-2A2397B7A1A7}
		{FE05B834-4755-44D3-9772-A1FF1B9A6B2F} = {9F97C96D-7653-414B-A496-E69FCFE2D376}
		{81DDED9D-158B-E303-5F62-77A2896D2A5A} = {E5A48669-20AE-40C2-9662-ABDABF587E13}
		{49A553D2-A46E-EEEF-A397-2AF48F963BD9} = {FE05B834-4755-44D3-9772-A1FF1B9A6B2F}
		{A5BA7056-1AD4-2BFB-1DF0-C4B27110C1C8} = {C64B03C9-48B8-49F0-9166-61E0F4C652AB}
	EndGlobalSection
	GlobalSection(ExtensibilityGlobals) = postSolution
		SolutionGuid = {40541325-978A-4B33-813C-93C09E51B9EA}
	EndGlobalSection
EndGlobal
